
Microsoft Visual Studio Solution File, Format Version 12.00
# Visual Studio Version 17
VisualStudioVersion = 17.2.32526.322
MinimumVisualStudioVersion = 10.0.40219.1
Project("{FAE04EC0-301F-11D3-BF4B-00C04F79EFBC}") = "FirstDotnet", "FirstDotnet.csproj", "{0703A97F-6EAD-4083-AECD-6A2C3DBBD48F}"
EndProject
Global
	GlobalSection(SolutionConfigurationPlatforms) = preSolution
		Debug|Any CPU = Debug|Any CPU
		Release|Any CPU = Release|Any CPU
	EndGlobalSection
	GlobalSection(ProjectConfigurationPlatforms) = postSolution
		{0703A97F-6EAD-4083-AECD-6A2C3DBBD48F}.Debug|Any CPU.ActiveCfg = Debug|Any CPU
		{0703A97F-6EAD-4083-AECD-6A2C3DBBD48F}.Debug|Any CPU.Build.0 = Debug|Any CPU
		{0703A97F-6EAD-4083-AECD-6A2C3DBBD48F}.Release|Any CPU.ActiveCfg = Release|Any CPU
		{0703A97F-6EAD-4083-AECD-6A2C3DBBD48F}.Release|Any CPU.Build.0 = Release|Any CPU
	EndGlobalSection
	GlobalSection(SolutionProperties) = preSolution
		HideSolutionNode = FALSE
	EndGlobalSection
	GlobalSection(ExtensibilityGlobals) = postSolution
		SolutionGuid = {3AEB3700-8001-432E-886D-EF9E433572E9}
	EndGlobalSection
EndGlobal
